{"1.2.0",
[{<<"accept">>,{pkg,<<"accept">>,<<"0.3.5">>},1},
 {<<"conf">>,{pkg,<<"conf">>,<<"0.2.6">>},0},
 {<<"fast_tls">>,{pkg,<<"fast_tls">>,<<"1.1.15">>},1},
 {<<"fast_yaml">>,{pkg,<<"fast_yaml">>,<<"1.0.33">>},1},
 {<<"influx_udp">>,{pkg,<<"influx_udp">>,<<"1.1.2">>},0},
 {<<"p1_utils">>,{pkg,<<"p1_utils">>,<<"1.0.25">>},1},
 {<<"poolboy">>,{pkg,<<"poolboy">>,<<"1.5.2">>},1},
 {<<"prometheus">>,{pkg,<<"prometheus">>,<<"4.9.0">>},1},
 {<<"prometheus_httpd">>,{pkg,<<"prometheus_httpd">>,<<"2.1.11">>},0},
 {<<"quantile_estimator">>,{pkg,<<"quantile_estimator">>,<<"0.2.1">>},2},
 {<<"recon">>,{pkg,<<"recon">>,<<"2.5.2">>},0},
 {<<"stun">>,
  {git,"https://github.com/processone/stun.git",
       {ref,"11f241b4e6f2d708be6e15895997d840ad019488"}},
  0},
 {<<"ulitos">>,{pkg,<<"ulitos">>,<<"0.4.0">>},1},
 {<<"yval">>,{pkg,<<"yval">>,<<"1.0.10">>},1}]}.
[
{pkg_hash,[
 {<<"accept">>, <<"B33B127ABCA7CC948BBE6CAA4C263369ABF1347CFA9D8E699C6D214660F10CD1">>},
 {<<"conf">>, <<"EE45DBA0F258309294AA47973711959ED4FC9428F44EB6CD3DBA9499183D0533">>},
 {<<"fast_tls">>, <<"398E7BA1076DB139307EBEA839428E2836AB682E4DAC61D95B4705A26AFF06B7">>},
 {<<"fast_yaml">>, <<"5C735DA21A4D23B7ED592603B1CD7ABA25F91A735D3C0A8DF2816D335A8DEF6E">>},
 {<<"influx_udp">>, <<"105FD7DFF2FCCC2FFD910094401440D24A6A0F7136F54E7E70A52EA52574FE3C">>},
 {<<"p1_utils">>, <<"2D39B5015A567BBD2CC7033EEB93A7C60D8C84EFE1EF69A3473FAA07FA268187">>},
 {<<"poolboy">>, <<"392B007A1693A64540CEAD79830443ABF5762F5D30CF50BC95CB2C1AAAFA006B">>},
 {<<"prometheus">>, <<"45D8E742061D551C8F4FAB92B4647642E2F412F38AB3BDEAA6AACC054D01F438">>},
 {<<"prometheus_httpd">>, <<"F616ED9B85B536B195D94104063025A91F904A4CFC20255363F49A197D96C896">>},
 {<<"quantile_estimator">>, <<"EF50A361F11B5F26B5F16D0696E46A9E4661756492C981F7B2229EF42FF1CD15">>},
 {<<"recon">>, <<"CBA53FA8DB83AD968C9A652E09C3ED7DDCC4DA434F27C3EAA9CA47FFB2B1FF03">>},
 {<<"ulitos">>, <<"BCDF0528AF4B59F1CB7D710E4B056688751C600833F31F504FEC4BAA88F0F42B">>},
 {<<"yval">>, <<"DE3073183A612C39612EE2970C8B40B465D64A5316D320105E308E011F8646B0">>}]},
{pkg_hash_ext,[
 {<<"accept">>, <<"11B18C220BCC2EAB63B5470C038EF10EB6783BCB1FCDB11AA4137DEFA5AC1BB8">>},
 {<<"conf">>, <<"C1539AD3420E18A57E92AEA16F5E43A21E3E120F45B937011952634DDCB13287">>},
 {<<"fast_tls">>, <<"EF516AA226DE9A4605704C18499284CD4FC115A73BD72490341972CE0C2B4D30">>},
 {<<"fast_yaml">>, <<"EFA60A2ACBCD2C2E72EB5E16F1475726B9D88AFCA3AD6DBB4BC549266863E7C8">>},
 {<<"influx_udp">>, <<"740DCC6B0F0F376B929A9270E5F4F6EEFD5061635E76C8FCC0508F8B336F1A82">>},
 {<<"p1_utils">>, <<"9219214428F2C6E5D3187FF8EB9A8783695C2427420BE9A259840E07ADA32847">>},
 {<<"poolboy">>, <<"DAD79704CE5440F3D5A3681C8590B9DC25D1A561E8F5A9C995281012860901E3">>},
 {<<"prometheus">>, <<"026BD40F952C3FFC45AA6A0673602F800FF219A81C63B1C4683D2B7D8A780C2B">>},
 {<<"prometheus_httpd">>, <<"0BBE831452CFDF9588538EB2F570B26F30C348ADAE5E95A7D87F35A5910BCF92">>},
 {<<"quantile_estimator">>, <<"282A8A323CA2A845C9E6F787D166348F776C1D4A41EDE63046D72D422E3DA946">>},
 {<<"recon">>, <<"2C7523C8DEE91DFF41F6B3D63CBA2BD49EB6D2FE5BF1EEC0DF7F87EB5E230E1C">>},
 {<<"ulitos">>, <<"AFDCE50A77081EB8D931799A6E015458482EABF9BA8AF367C50CD8660A749B88">>},
 {<<"yval">>, <<"0F7EFF50CB24F5F6CC3549FC54BFE4AF58B3FC4553B0829325BAA199C48BA276">>}]}
].
