{"1.2.0",
[{<<"accept">>,{pkg,<<"accept">>,<<"0.3.7">>},1},
 {<<"conf">>,{pkg,<<"conf">>,<<"0.2.6">>},0},
 {<<"fast_tls">>,{pkg,<<"fast_tls">>,<<"1.1.26">>},1},
 {<<"fast_yaml">>,{pkg,<<"fast_yaml">>,<<"1.0.40">>},1},
 {<<"influx_udp">>,{pkg,<<"influx_udp">>,<<"1.1.2">>},0},
 {<<"p1_utils">>,{pkg,<<"p1_utils">>,<<"1.0.29">>},1},
 {<<"poolboy">>,{pkg,<<"poolboy">>,<<"1.5.2">>},1},
 {<<"prometheus">>,{pkg,<<"prometheus">>,<<"5.1.1">>},1},
 {<<"prometheus_httpd">>,{pkg,<<"prometheus_httpd">>,<<"2.1.15">>},0},
 {<<"quantile_estimator">>,{pkg,<<"quantile_estimator">>,<<"1.0.2">>},2},
 {<<"recon">>,{pkg,<<"recon">>,<<"2.5.6">>},0},
 {<<"stun">>,{pkg,<<"stun">>,<<"1.2.22">>},0},
 {<<"ulitos">>,{pkg,<<"ulitos">>,<<"0.4.0">>},1},
 {<<"yval">>,{pkg,<<"yval">>,<<"1.0.10">>},1}]}.
[
{pkg_hash,[
 {<<"accept">>, <<"CD6E34A2D7E28CA38B2D3CB233734CA0C221EFBC1F171F91FEC5F162CC2D18DA">>},
 {<<"conf">>, <<"EE45DBA0F258309294AA47973711959ED4FC9428F44EB6CD3DBA9499183D0533">>},
 {<<"fast_tls">>, <<"5E46246020F9338C0661254EEE0FF98E8B253A2331B3B51AFB4EB8B0B3CF41FF">>},
 {<<"fast_yaml">>, <<"053109ABED40A80FB1E4A231EBFED39E93A4872D73E462FE9A2128503B6233D8">>},
 {<<"influx_udp">>, <<"105FD7DFF2FCCC2FFD910094401440D24A6A0F7136F54E7E70A52EA52574FE3C">>},
 {<<"p1_utils">>, <<"E3A8621C2CF5ECDE52065B4C6650803E25FDD9462F92DEC96F29032A163CBB0D">>},
 {<<"poolboy">>, <<"392B007A1693A64540CEAD79830443ABF5762F5D30CF50BC95CB2C1AAAFA006B">>},
 {<<"prometheus">>, <<"C84D8D3DD703B54B450FA1EDA1552AE70F9B72DB3C093A947E416257486925A7">>},
 {<<"prometheus_httpd">>, <<"8F767D819A5D36275EAB9264AFF40D87279151646776069BF69FBDBBD562BD75">>},
 {<<"quantile_estimator">>, <<"ECD281D40110FDD9BA62685531E4435E0839A52FD1058DA5564F1763E4642EF7">>},
 {<<"recon">>, <<"9052588E83BFEDFD9B72E1034532AEE2A5369D9D9343B61AEB7FBCE761010741">>},
 {<<"stun">>, <<"BFACC08BD3724968DE6D2A4ACFA9761232CEBEF9FF6BD9FF8B000E4BB4CE92A4">>},
 {<<"ulitos">>, <<"BCDF0528AF4B59F1CB7D710E4B056688751C600833F31F504FEC4BAA88F0F42B">>},
 {<<"yval">>, <<"DE3073183A612C39612EE2970C8B40B465D64A5316D320105E308E011F8646B0">>}]},
{pkg_hash_ext,[
 {<<"accept">>, <<"CA69388943F5DAD2E7232A5478F16086E3C872F48E32B88B378E1885A59F5649">>},
 {<<"conf">>, <<"C1539AD3420E18A57E92AEA16F5E43A21E3E120F45B937011952634DDCB13287">>},
 {<<"fast_tls">>, <<"6B0D4DD2309037565EBAA9ACF39F02808F5F8215A39101A1DA33C2A5B1B59B3F">>},
 {<<"fast_yaml">>, <<"27705C29902C1C6F3268BA9BF387D5FA928B2E655B53110FA47B8E476D32B386">>},
 {<<"influx_udp">>, <<"740DCC6B0F0F376B929A9270E5F4F6EEFD5061635E76C8FCC0508F8B336F1A82">>},
 {<<"p1_utils">>, <<"2071421CADB5B8FFF114E91D4D944F14851C332391F6E93FC5011AAD64ABE1B9">>},
 {<<"poolboy">>, <<"DAD79704CE5440F3D5A3681C8590B9DC25D1A561E8F5A9C995281012860901E3">>},
 {<<"prometheus">>, <<"82F8F8613E8CBC3B4DD1D7724F9807B3175B37DCD4C6CB903BB27C6A07591FF0">>},
 {<<"prometheus_httpd">>, <<"67736D000745184D5013C58A63E947821AB90CB9320BC2E6AE5D3061C6FFE039">>},
 {<<"quantile_estimator">>, <<"DB404793D6384995A1AC6DD973E2CEE5BE9FCC128765BDBA53D87C564E296B64">>},
 {<<"recon">>, <<"96C6799792D735CC0F0FD0F86267E9D351E63339CBE03DF9D162010CEFC26BB0">>},
 {<<"stun">>, <<"3408B4B11D5237A088F53B260A06940C30B16F4A48094892D6A9204E1643188A">>},
 {<<"ulitos">>, <<"AFDCE50A77081EB8D931799A6E015458482EABF9BA8AF367C50CD8660A749B88">>},
 {<<"yval">>, <<"0F7EFF50CB24F5F6CC3549FC54BFE4AF58B3FC4553B0829325BAA199C48BA276">>}]}
].
